{
    "name": "@kafka-client/tauri-client",
    "version": "0.1.4",
    "lockfileVersion": 2,
    "requires": true,
    "packages": {
        "": {
            "name": "@kafka-client/tauri-client",
            "version": "0.1.4",
            "license": "MIT",
            "devDependencies": {
                "@tauri-apps/cli": "1.0.0-rc.5"
            }
        },
        "node_modules/@tauri-apps/cli": {
            "version": "1.0.0-rc.5",
            "resolved": "https://registry.npmjs.org/@tauri-apps/cli/-/cli-1.0.0-rc.5.tgz",
            "integrity": "sha512-Q3D0R5YdZRA5EcL206hwwKCyXpet2mRDcfaRTU/IXwF73bS4AMja+JdAGfO2cyHuSvXd+b//Cgbei2zCG8M6hw==",
            "dev": true,
            "bin": {
                "tauri": "tauri.js"
            },
            "engines": {
                "node": ">= 10"
            },
            "funding": {
                "type": "opencollective",
                "url": "https://opencollective.com/tauri"
            },
            "optionalDependencies": {
                "@tauri-apps/cli-darwin-arm64": "1.0.0-rc.5",
                "@tauri-apps/cli-darwin-x64": "1.0.0-rc.5",
                "@tauri-apps/cli-linux-arm-gnueabihf": "1.0.0-rc.5",
                "@tauri-apps/cli-linux-arm64-gnu": "1.0.0-rc.5",
                "@tauri-apps/cli-linux-arm64-musl": "1.0.0-rc.5",
                "@tauri-apps/cli-linux-x64-gnu": "1.0.0-rc.5",
                "@tauri-apps/cli-linux-x64-musl": "1.0.0-rc.5",
                "@tauri-apps/cli-win32-x64-msvc": "1.0.0-rc.5"
            }
        },
        "node_modules/@tauri-apps/cli-darwin-arm64": {
            "version": "1.0.0-rc.5",
            "resolved": "https://registry.npmjs.org/@tauri-apps/cli-darwin-arm64/-/cli-darwin-arm64-1.0.0-rc.5.tgz",
            "integrity": "sha512-X+3EIAUGfoL8uE6PBADZC8FcUISe4JPQCxXgaVv6ehoZGoCh/pFJF7AvBGTQxbnvngqM7Xce4Lmh63Io2/5ggw==",
            "cpu": [
                "arm64"
            ],
            "dev": true,
            "optional": true,
            "os": [
                "darwin"
            ],
            "engines": {
                "node": ">= 10"
            }
        },
        "node_modules/@tauri-apps/cli-darwin-x64": {
            "version": "1.0.0-rc.5",
            "resolved": "https://registry.npmjs.org/@tauri-apps/cli-darwin-x64/-/cli-darwin-x64-1.0.0-rc.5.tgz",
            "integrity": "sha512-fEpgOdAvKdq9C5/yip8RnwP1VS+nRrtKdzzplu4jY6njDVH/Vom8mg+EfXkCY5RveCaoskJMFgUvt10IGeZHBA==",
            "cpu": [
                "x64"
            ],
            "dev": true,
            "optional": true,
            "os": [
                "darwin"
            ],
            "engines": {
                "node": ">= 10"
            }
        },
        "node_modules/@tauri-apps/cli-linux-arm-gnueabihf": {
            "version": "1.0.0-rc.5",
            "resolved": "https://registry.npmjs.org/@tauri-apps/cli-linux-arm-gnueabihf/-/cli-linux-arm-gnueabihf-1.0.0-rc.5.tgz",
            "integrity": "sha512-V7sWSBrpLyvkQxpkHIM8JltYqQhiTpThySDjO8POtrTqkRwM5BXORcCYhxTAKCedecfYK/RNUJ6Q0t7+3jS6DQ==",
            "cpu": [
                "arm"
            ],
            "dev": true,
            "optional": true,
            "os": [
                "linux"
            ],
            "engines": {
                "node": ">= 10"
            }
        },
        "node_modules/@tauri-apps/cli-linux-arm64-gnu": {
            "version": "1.0.0-rc.5",
            "resolved": "https://registry.npmjs.org/@tauri-apps/cli-linux-arm64-gnu/-/cli-linux-arm64-gnu-1.0.0-rc.5.tgz",
            "integrity": "sha512-HhM+2FInxtUAI/41LF4fDEzmhLQUq6DOoo7fLN94vgWlhsPyWZoDGP9pA043XbO86+4OX5JZUW1SnTVXMwEaMA==",
            "cpu": [
                "arm64"
            ],
            "dev": true,
            "optional": true,
            "os": [
                "linux"
            ],
            "engines": {
                "node": ">= 10"
            }
        },
        "node_modules/@tauri-apps/cli-linux-arm64-musl": {
            "version": "1.0.0-rc.5",
            "resolved": "https://registry.npmjs.org/@tauri-apps/cli-linux-arm64-musl/-/cli-linux-arm64-musl-1.0.0-rc.5.tgz",
            "integrity": "sha512-DhHdKOhf3+peA/sM0c9CpxK89cp8GVwOB5osFW55fxBZbD0mJFeL2SzjkgfGFqFu6Ci/ZiibQGfEp8XTC8OsYA==",
            "cpu": [
                "arm64"
            ],
            "dev": true,
            "optional": true,
            "os": [
                "linux"
            ],
            "engines": {
                "node": ">= 10"
            }
        },
        "node_modules/@tauri-apps/cli-linux-x64-gnu": {
            "version": "1.0.0-rc.5",
            "resolved": "https://registry.npmjs.org/@tauri-apps/cli-linux-x64-gnu/-/cli-linux-x64-gnu-1.0.0-rc.5.tgz",
            "integrity": "sha512-pZzsOHRGG/mdcn7fF/yOIOdeVzGxZUtZqvlGSd90ZM9Ps3//uYGCBHoNTbeSwp/V6+D0KVDaSCbm9lYlHoXcdA==",
            "cpu": [
                "x64"
            ],
            "dev": true,
            "optional": true,
            "os": [
                "linux"
            ],
            "engines": {
                "node": ">= 10"
            }
        },
        "node_modules/@tauri-apps/cli-linux-x64-musl": {
            "version": "1.0.0-rc.5",
            "resolved": "https://registry.npmjs.org/@tauri-apps/cli-linux-x64-musl/-/cli-linux-x64-musl-1.0.0-rc.5.tgz",
            "integrity": "sha512-COwWCbOhEjBlzGRGTa0ESO4/AiC0cBZ2UEPExRn++S+kWSPJ2vsyMdCLu3hiMy1ABSIRcQ4Vc68M1iVkLhOHHw==",
            "cpu": [
                "x64"
            ],
            "dev": true,
            "optional": true,
            "os": [
                "linux"
            ],
            "engines": {
                "node": ">= 10"
            }
        },
        "node_modules/@tauri-apps/cli-win32-x64-msvc": {
            "version": "1.0.0-rc.5",
            "resolved": "https://registry.npmjs.org/@tauri-apps/cli-win32-x64-msvc/-/cli-win32-x64-msvc-1.0.0-rc.5.tgz",
            "integrity": "sha512-zzizUmPWvnWjj+IUCk36kVjS9j1Bg5JmnwOW5QdX26+a64q5vocmVimCgrfZ5STw3sDFXE++S55ghpzhhH5o+g==",
            "cpu": [
                "x64"
            ],
            "dev": true,
            "optional": true,
            "os": [
                "win32"
            ],
            "engines": {
                "node": ">= 10"
            }
        }
    },
    "dependencies": {
        "@tauri-apps/cli": {
            "version": "1.0.0-rc.5",
            "resolved": "https://registry.npmjs.org/@tauri-apps/cli/-/cli-1.0.0-rc.5.tgz",
            "integrity": "sha512-Q3D0R5YdZRA5EcL206hwwKCyXpet2mRDcfaRTU/IXwF73bS4AMja+JdAGfO2cyHuSvXd+b//Cgbei2zCG8M6hw==",
            "dev": true,
            "requires": {
                "@tauri-apps/cli-darwin-arm64": "1.0.0-rc.5",
                "@tauri-apps/cli-darwin-x64": "1.0.0-rc.5",
                "@tauri-apps/cli-linux-arm-gnueabihf": "1.0.0-rc.5",
                "@tauri-apps/cli-linux-arm64-gnu": "1.0.0-rc.5",
                "@tauri-apps/cli-linux-arm64-musl": "1.0.0-rc.5",
                "@tauri-apps/cli-linux-x64-gnu": "1.0.0-rc.5",
                "@tauri-apps/cli-linux-x64-musl": "1.0.0-rc.5",
                "@tauri-apps/cli-win32-x64-msvc": "1.0.0-rc.5"
            }
        },
        "@tauri-apps/cli-darwin-arm64": {
            "version": "1.0.0-rc.5",
            "resolved": "https://registry.npmjs.org/@tauri-apps/cli-darwin-arm64/-/cli-darwin-arm64-1.0.0-rc.5.tgz",
            "integrity": "sha512-X+3EIAUGfoL8uE6PBADZC8FcUISe4JPQCxXgaVv6ehoZGoCh/pFJF7AvBGTQxbnvngqM7Xce4Lmh63Io2/5ggw==",
            "dev": true,
            "optional": true
        },
        "@tauri-apps/cli-darwin-x64": {
            "version": "1.0.0-rc.5",
            "resolved": "https://registry.npmjs.org/@tauri-apps/cli-darwin-x64/-/cli-darwin-x64-1.0.0-rc.5.tgz",
            "integrity": "sha512-fEpgOdAvKdq9C5/yip8RnwP1VS+nRrtKdzzplu4jY6njDVH/Vom8mg+EfXkCY5RveCaoskJMFgUvt10IGeZHBA==",
            "dev": true,
            "optional": true
        },
        "@tauri-apps/cli-linux-arm-gnueabihf": {
            "version": "1.0.0-rc.5",
            "resolved": "https://registry.npmjs.org/@tauri-apps/cli-linux-arm-gnueabihf/-/cli-linux-arm-gnueabihf-1.0.0-rc.5.tgz",
            "integrity": "sha512-V7sWSBrpLyvkQxpkHIM8JltYqQhiTpThySDjO8POtrTqkRwM5BXORcCYhxTAKCedecfYK/RNUJ6Q0t7+3jS6DQ==",
            "dev": true,
            "optional": true
        },
        "@tauri-apps/cli-linux-arm64-gnu": {
            "version": "1.0.0-rc.5",
            "resolved": "https://registry.npmjs.org/@tauri-apps/cli-linux-arm64-gnu/-/cli-linux-arm64-gnu-1.0.0-rc.5.tgz",
            "integrity": "sha512-HhM+2FInxtUAI/41LF4fDEzmhLQUq6DOoo7fLN94vgWlhsPyWZoDGP9pA043XbO86+4OX5JZUW1SnTVXMwEaMA==",
            "dev": true,
            "optional": true
        },
        "@tauri-apps/cli-linux-arm64-musl": {
            "version": "1.0.0-rc.5",
            "resolved": "https://registry.npmjs.org/@tauri-apps/cli-linux-arm64-musl/-/cli-linux-arm64-musl-1.0.0-rc.5.tgz",
            "integrity": "sha512-DhHdKOhf3+peA/sM0c9CpxK89cp8GVwOB5osFW55fxBZbD0mJFeL2SzjkgfGFqFu6Ci/ZiibQGfEp8XTC8OsYA==",
            "dev": true,
            "optional": true
        },
        "@tauri-apps/cli-linux-x64-gnu": {
            "version": "1.0.0-rc.5",
            "resolved": "https://registry.npmjs.org/@tauri-apps/cli-linux-x64-gnu/-/cli-linux-x64-gnu-1.0.0-rc.5.tgz",
            "integrity": "sha512-pZzsOHRGG/mdcn7fF/yOIOdeVzGxZUtZqvlGSd90ZM9Ps3//uYGCBHoNTbeSwp/V6+D0KVDaSCbm9lYlHoXcdA==",
            "dev": true,
            "optional": true
        },
        "@tauri-apps/cli-linux-x64-musl": {
            "version": "1.0.0-rc.5",
            "resolved": "https://registry.npmjs.org/@tauri-apps/cli-linux-x64-musl/-/cli-linux-x64-musl-1.0.0-rc.5.tgz",
            "integrity": "sha512-COwWCbOhEjBlzGRGTa0ESO4/AiC0cBZ2UEPExRn++S+kWSPJ2vsyMdCLu3hiMy1ABSIRcQ4Vc68M1iVkLhOHHw==",
            "dev": true,
            "optional": true
        },
        "@tauri-apps/cli-win32-x64-msvc": {
            "version": "1.0.0-rc.5",
            "resolved": "https://registry.npmjs.org/@tauri-apps/cli-win32-x64-msvc/-/cli-win32-x64-msvc-1.0.0-rc.5.tgz",
            "integrity": "sha512-zzizUmPWvnWjj+IUCk36kVjS9j1Bg5JmnwOW5QdX26+a64q5vocmVimCgrfZ5STw3sDFXE++S55ghpzhhH5o+g==",
            "dev": true,
            "optional": true
        }
    }
}
